
Microsoft Visual Studio Solution File, Format Version 12.00
# Visual Studio Version 17
VisualStudioVersion = 17.6.33723.286
MinimumVisualStudioVersion = 10.0.40219.1
Project("{8BC9CEB8-8B4A-11D0-8D11-00A0C91BC942}") = "Libreria_016", "Libreria_016.vcxproj", "{D8E0A2DE-3DF7-4C31-8C64-1F29FCC4F663}"
EndProject
Global
	GlobalSection(SolutionConfigurationPlatforms) = preSolution
		Debug|x64 = Debug|x64
		Debug|x86 = Debug|x86
		Release|x64 = Release|x64
		Release|x86 = Release|x86
	EndGlobalSection
	GlobalSection(ProjectConfigurationPlatforms) = postSolution
		{D8E0A2DE-3DF7-4C31-8C64-1F29FCC4F663}.Debug|x64.ActiveCfg = Debug|x64
		{D8E0A2DE-3DF7-4C31-8C64-1F29FCC4F663}.Debug|x64.Build.0 = Debug|x64
		{D8E0A2DE-3DF7-4C31-8C64-1F29FCC4F663}.Debug|x86.ActiveCfg = Debug|Win32
		{D8E0A2DE-3DF7-4C31-8C64-1F29FCC4F663}.Debug|x86.Build.0 = Debug|Win32
		{D8E0A2DE-3DF7-4C31-8C64-1F29FCC4F663}.Release|x64.ActiveCfg = Release|x64
		{D8E0A2DE-3DF7-4C31-8C64-1F29FCC4F663}.Release|x64.Build.0 = Release|x64
		{D8E0A2DE-3DF7-4C31-8C64-1F29FCC4F663}.Release|x86.ActiveCfg = Release|Win32
		{D8E0A2DE-3DF7-4C31-8C64-1F29FCC4F663}.Release|x86.Build.0 = Release|Win32
	EndGlobalSection
	GlobalSection(SolutionProperties) = preSolution
		HideSolutionNode = FALSE
	EndGlobalSection
	GlobalSection(ExtensibilityGlobals) = postSolution
		SolutionGuid = {C34A3F95-AD03-4B11-B0F3-ABC6A808B2C9}
	EndGlobalSection
EndGlobal
